
Microsoft Visual Studio Solution File, Format Version 12.00
# Visual Studio 2013
VisualStudioVersion = 12.0.30723.0
MinimumVisualStudioVersion = 10.0.40219.1
Project("{FAE04EC0-301F-11D3-BF4B-00C04F79EFBC}") = "TrinityCreator", "TrinityCreator\TrinityCreator.csproj", "{47CB1223-637A-4CBE-8842-CE204B2395B6}"
EndProject
Project("{FAE04EC0-301F-11D3-BF4B-00C04F79EFBC}") = "TrinityCreatorUpdater", "Updater\TrinityCreatorUpdater.csproj", "{43370AC0-0F89-4FCA-BC85-C6412E785DA6}"
EndProject
Global
	GlobalSection(SolutionConfigurationPlatforms) = preSolution
		Debug|Any CPU = Debug|Any CPU
		Release|Any CPU = Release|Any CPU
	EndGlobalSection
	GlobalSection(ProjectConfigurationPlatforms) = postSolution
		{47CB1223-637A-4CBE-8842-CE204B2395B6}.Debug|Any CPU.ActiveCfg = Debug|Any CPU
		{47CB1223-637A-4CBE-8842-CE204B2395B6}.Debug|Any CPU.Build.0 = Debug|Any CPU
		{47CB1223-637A-4CBE-8842-CE204B2395B6}.Release|Any CPU.ActiveCfg = Release|Any CPU
		{47CB1223-637A-4CBE-8842-CE204B2395B6}.Release|Any CPU.Build.0 = Release|Any CPU
		{43370AC0-0F89-4FCA-BC85-C6412E785DA6}.Debug|Any CPU.ActiveCfg = Debug|Any CPU
		{43370AC0-0F89-4FCA-BC85-C6412E785DA6}.Debug|Any CPU.Build.0 = Debug|Any CPU
		{43370AC0-0F89-4FCA-BC85-C6412E785DA6}.Release|Any CPU.ActiveCfg = Release|Any CPU
		{43370AC0-0F89-4FCA-BC85-C6412E785DA6}.Release|Any CPU.Build.0 = Release|Any CPU
	EndGlobalSection
	GlobalSection(SolutionProperties) = preSolution
		HideSolutionNode = FALSE
	EndGlobalSection
EndGlobal
