
Microsoft Visual Studio Solution File, Format Version 12.00
# Visual Studio 2013
VisualStudioVersion = 12.0.30723.0
MinimumVisualStudioVersion = 10.0.40219.1
Project("{FAE04EC0-301F-11D3-BF4B-00C04F79EFBC}") = "TrinityCreator", "TrinityCreator\TrinityCreator.csproj", "{47CB1223-637A-4CBE-8842-CE204B2395B6}"
EndProject
Project("{FAE04EC0-301F-11D3-BF4B-00C04F79EFBC}") = "TrinityCreatorUpdater", "Updater\TrinityCreatorUpdater.csproj", "{43370AC0-0F89-4FCA-BC85-C6412E785DA6}"
EndProject
Project("{930C7802-8A8C-48F9-8165-68863BCCD9DD}") = "TrinityCreatorSetup", "TrinityCreatorSetup\TrinityCreatorSetup.wixproj", "{A39CF70B-204F-4BB0-B785-58D51BB6A996}"
EndProject
Project("{FAE04EC0-301F-11D3-BF4B-00C04F79EFBC}") = "DBCLib", "DBCLib\DBCLib.csproj", "{C4B07DEC-5A55-485C-B31B-705434DF689F}"
EndProject
Global
	GlobalSection(SolutionConfigurationPlatforms) = preSolution
		Debug|Any CPU = Debug|Any CPU
		Debug|x86 = Debug|x86
		Release|Any CPU = Release|Any CPU
		Release|x86 = Release|x86
	EndGlobalSection
	GlobalSection(ProjectConfigurationPlatforms) = postSolution
		{47CB1223-637A-4CBE-8842-CE204B2395B6}.Debug|Any CPU.ActiveCfg = Debug|Any CPU
		{47CB1223-637A-4CBE-8842-CE204B2395B6}.Debug|Any CPU.Build.0 = Debug|Any CPU
		{47CB1223-637A-4CBE-8842-CE204B2395B6}.Debug|x86.ActiveCfg = Debug|Any CPU
		{47CB1223-637A-4CBE-8842-CE204B2395B6}.Debug|x86.Build.0 = Debug|Any CPU
		{47CB1223-637A-4CBE-8842-CE204B2395B6}.Release|Any CPU.ActiveCfg = Release|Any CPU
		{47CB1223-637A-4CBE-8842-CE204B2395B6}.Release|Any CPU.Build.0 = Release|Any CPU
		{47CB1223-637A-4CBE-8842-CE204B2395B6}.Release|x86.ActiveCfg = Release|Any CPU
		{47CB1223-637A-4CBE-8842-CE204B2395B6}.Release|x86.Build.0 = Release|Any CPU
		{43370AC0-0F89-4FCA-BC85-C6412E785DA6}.Debug|Any CPU.ActiveCfg = Debug|Any CPU
		{43370AC0-0F89-4FCA-BC85-C6412E785DA6}.Debug|Any CPU.Build.0 = Debug|Any CPU
		{43370AC0-0F89-4FCA-BC85-C6412E785DA6}.Debug|x86.ActiveCfg = Debug|Any CPU
		{43370AC0-0F89-4FCA-BC85-C6412E785DA6}.Debug|x86.Build.0 = Debug|Any CPU
		{43370AC0-0F89-4FCA-BC85-C6412E785DA6}.Release|Any CPU.ActiveCfg = Release|Any CPU
		{43370AC0-0F89-4FCA-BC85-C6412E785DA6}.Release|Any CPU.Build.0 = Release|Any CPU
		{43370AC0-0F89-4FCA-BC85-C6412E785DA6}.Release|x86.ActiveCfg = Release|Any CPU
		{43370AC0-0F89-4FCA-BC85-C6412E785DA6}.Release|x86.Build.0 = Release|Any CPU
		{A39CF70B-204F-4BB0-B785-58D51BB6A996}.Debug|Any CPU.ActiveCfg = Debug|x86
		{A39CF70B-204F-4BB0-B785-58D51BB6A996}.Debug|x86.ActiveCfg = Debug|x86
		{A39CF70B-204F-4BB0-B785-58D51BB6A996}.Debug|x86.Build.0 = Debug|x86
		{A39CF70B-204F-4BB0-B785-58D51BB6A996}.Release|Any CPU.ActiveCfg = Release|x86
		{A39CF70B-204F-4BB0-B785-58D51BB6A996}.Release|x86.ActiveCfg = Release|x86
		{A39CF70B-204F-4BB0-B785-58D51BB6A996}.Release|x86.Build.0 = Release|x86
		{C4B07DEC-5A55-485C-B31B-705434DF689F}.Debug|Any CPU.ActiveCfg = Debug|Any CPU
		{C4B07DEC-5A55-485C-B31B-705434DF689F}.Debug|Any CPU.Build.0 = Debug|Any CPU
		{C4B07DEC-5A55-485C-B31B-705434DF689F}.Debug|x86.ActiveCfg = Debug|Any CPU
		{C4B07DEC-5A55-485C-B31B-705434DF689F}.Release|Any CPU.ActiveCfg = Release|Any CPU
		{C4B07DEC-5A55-485C-B31B-705434DF689F}.Release|Any CPU.Build.0 = Release|Any CPU
		{C4B07DEC-5A55-485C-B31B-705434DF689F}.Release|x86.ActiveCfg = Release|Any CPU
	EndGlobalSection
	GlobalSection(SolutionProperties) = preSolution
		HideSolutionNode = FALSE
	EndGlobalSection
EndGlobal
